
Microsoft Visual Studio Solution File, Format Version 12.00
# Visual Studio 15
VisualStudioVersion = 15.0.28010.2016
MinimumVisualStudioVersion = 10.0.40219.1
Project("{FAE04EC0-301F-11D3-BF4B-00C04F79EFBC}") = "MobileApp.Android", "MobileApp\MobileApp.Android\MobileApp.Android.csproj", "{53294A8A-79AC-47CA-8AF9-EED9CDE3E238}"
EndProject
Project("{FAE04EC0-301F-11D3-BF4B-00C04F79EFBC}") = "MobileApp.iOS", "MobileApp\MobileApp.iOS\MobileApp.iOS.csproj", "{471D499B-7B58-420E-9D00-D2FC0A2677A0}"
EndProject
Project("{D954291E-2A0B-460D-934E-DC6B0785DB48}") = "MobileApp", "MobileApp\MobileApp\MobileApp.shproj", "{9E798091-559A-457B-81BA-3778BC7D6D4D}"
EndProject
Global
	GlobalSection(SharedMSBuildProjectFiles) = preSolution
		MobileApp\MobileApp\MobileApp.projitems*{471d499b-7b58-420e-9d00-d2fc0a2677a0}*SharedItemsImports = 4
		MobileApp\MobileApp\MobileApp.projitems*{53294a8a-79ac-47ca-8af9-eed9cde3e238}*SharedItemsImports = 4
		MobileApp\MobileApp\MobileApp.projitems*{9e798091-559a-457b-81ba-3778bc7d6d4d}*SharedItemsImports = 13
	EndGlobalSection
	GlobalSection(SolutionConfigurationPlatforms) = preSolution
		Ad-Hoc|Any CPU = Ad-Hoc|Any CPU
		Ad-Hoc|iPhone = Ad-Hoc|iPhone
		Ad-Hoc|iPhoneSimulator = Ad-Hoc|iPhoneSimulator
		AppStore|Any CPU = AppStore|Any CPU
		AppStore|iPhone = AppStore|iPhone
		AppStore|iPhoneSimulator = AppStore|iPhoneSimulator
		Debug|Any CPU = Debug|Any CPU
		Debug|iPhone = Debug|iPhone
		Debug|iPhoneSimulator = Debug|iPhoneSimulator
		Release|Any CPU = Release|Any CPU
		Release|iPhone = Release|iPhone
		Release|iPhoneSimulator = Release|iPhoneSimulator
	EndGlobalSection
	GlobalSection(ProjectConfigurationPlatforms) = postSolution
		{53294A8A-79AC-47CA-8AF9-EED9CDE3E238}.Ad-Hoc|Any CPU.ActiveCfg = Release|Any CPU
		{53294A8A-79AC-47CA-8AF9-EED9CDE3E238}.Ad-Hoc|Any CPU.Build.0 = Release|Any CPU
		{53294A8A-79AC-47CA-8AF9-EED9CDE3E238}.Ad-Hoc|Any CPU.Deploy.0 = Release|Any CPU
		{53294A8A-79AC-47CA-8AF9-EED9CDE3E238}.Ad-Hoc|iPhone.ActiveCfg = Release|Any CPU
		{53294A8A-79AC-47CA-8AF9-EED9CDE3E238}.Ad-Hoc|iPhone.Build.0 = Release|Any CPU
		{53294A8A-79AC-47CA-8AF9-EED9CDE3E238}.Ad-Hoc|iPhone.Deploy.0 = Release|Any CPU
		{53294A8A-79AC-47CA-8AF9-EED9CDE3E238}.Ad-Hoc|iPhoneSimulator.ActiveCfg = Release|Any CPU
		{53294A8A-79AC-47CA-8AF9-EED9CDE3E238}.Ad-Hoc|iPhoneSimulator.Build.0 = Release|Any CPU
		{53294A8A-79AC-47CA-8AF9-EED9CDE3E238}.Ad-Hoc|iPhoneSimulator.Deploy.0 = Release|Any CPU
		{53294A8A-79AC-47CA-8AF9-EED9CDE3E238}.AppStore|Any CPU.ActiveCfg = Release|Any CPU
		{53294A8A-79AC-47CA-8AF9-EED9CDE3E238}.AppStore|Any CPU.Build.0 = Release|Any CPU
		{53294A8A-79AC-47CA-8AF9-EED9CDE3E238}.AppStore|Any CPU.Deploy.0 = Release|Any CPU
		{53294A8A-79AC-47CA-8AF9-EED9CDE3E238}.AppStore|iPhone.ActiveCfg = Release|Any CPU
		{53294A8A-79AC-47CA-8AF9-EED9CDE3E238}.AppStore|iPhone.Build.0 = Release|Any CPU
		{53294A8A-79AC-47CA-8AF9-EED9CDE3E238}.AppStore|iPhone.Deploy.0 = Release|Any CPU
		{53294A8A-79AC-47CA-8AF9-EED9CDE3E238}.AppStore|iPhoneSimulator.ActiveCfg = Release|Any CPU
		{53294A8A-79AC-47CA-8AF9-EED9CDE3E238}.AppStore|iPhoneSimulator.Build.0 = Release|Any CPU
		{53294A8A-79AC-47CA-8AF9-EED9CDE3E238}.AppStore|iPhoneSimulator.Deploy.0 = Release|Any CPU
		{53294A8A-79AC-47CA-8AF9-EED9CDE3E238}.Debug|Any CPU.ActiveCfg = Debug|Any CPU
		{53294A8A-79AC-47CA-8AF9-EED9CDE3E238}.Debug|Any CPU.Build.0 = Debug|Any CPU
		{53294A8A-79AC-47CA-8AF9-EED9CDE3E238}.Debug|Any CPU.Deploy.0 = Debug|Any CPU
		{53294A8A-79AC-47CA-8AF9-EED9CDE3E238}.Debug|iPhone.ActiveCfg = Debug|Any CPU
		{53294A8A-79AC-47CA-8AF9-EED9CDE3E238}.Debug|iPhone.Build.0 = Debug|Any CPU
		{53294A8A-79AC-47CA-8AF9-EED9CDE3E238}.Debug|iPhone.Deploy.0 = Debug|Any CPU
		{53294A8A-79AC-47CA-8AF9-EED9CDE3E238}.Debug|iPhoneSimulator.ActiveCfg = Debug|Any CPU
		{53294A8A-79AC-47CA-8AF9-EED9CDE3E238}.Debug|iPhoneSimulator.Build.0 = Debug|Any CPU
		{53294A8A-79AC-47CA-8AF9-EED9CDE3E238}.Debug|iPhoneSimulator.Deploy.0 = Debug|Any CPU
		{53294A8A-79AC-47CA-8AF9-EED9CDE3E238}.Release|Any CPU.ActiveCfg = Release|Any CPU
		{53294A8A-79AC-47CA-8AF9-EED9CDE3E238}.Release|Any CPU.Build.0 = Release|Any CPU
		{53294A8A-79AC-47CA-8AF9-EED9CDE3E238}.Release|Any CPU.Deploy.0 = Release|Any CPU
		{53294A8A-79AC-47CA-8AF9-EED9CDE3E238}.Release|iPhone.ActiveCfg = Release|Any CPU
		{53294A8A-79AC-47CA-8AF9-EED9CDE3E238}.Release|iPhone.Build.0 = Release|Any CPU
		{53294A8A-79AC-47CA-8AF9-EED9CDE3E238}.Release|iPhone.Deploy.0 = Release|Any CPU
		{53294A8A-79AC-47CA-8AF9-EED9CDE3E238}.Release|iPhoneSimulator.ActiveCfg = Release|Any CPU
		{53294A8A-79AC-47CA-8AF9-EED9CDE3E238}.Release|iPhoneSimulator.Build.0 = Release|Any CPU
		{53294A8A-79AC-47CA-8AF9-EED9CDE3E238}.Release|iPhoneSimulator.Deploy.0 = Release|Any CPU
		{471D499B-7B58-420E-9D00-D2FC0A2677A0}.Ad-Hoc|Any CPU.ActiveCfg = Ad-Hoc|iPhone
		{471D499B-7B58-420E-9D00-D2FC0A2677A0}.Ad-Hoc|Any CPU.Build.0 = Ad-Hoc|iPhone
		{471D499B-7B58-420E-9D00-D2FC0A2677A0}.Ad-Hoc|Any CPU.Deploy.0 = Ad-Hoc|iPhone
		{471D499B-7B58-420E-9D00-D2FC0A2677A0}.Ad-Hoc|iPhone.ActiveCfg = Ad-Hoc|iPhone
		{471D499B-7B58-420E-9D00-D2FC0A2677A0}.Ad-Hoc|iPhone.Build.0 = Ad-Hoc|iPhone
		{471D499B-7B58-420E-9D00-D2FC0A2677A0}.Ad-Hoc|iPhone.Deploy.0 = Ad-Hoc|iPhone
		{471D499B-7B58-420E-9D00-D2FC0A2677A0}.Ad-Hoc|iPhoneSimulator.ActiveCfg = Ad-Hoc|iPhoneSimulator
		{471D499B-7B58-420E-9D00-D2FC0A2677A0}.Ad-Hoc|iPhoneSimulator.Build.0 = Ad-Hoc|iPhoneSimulator
		{471D499B-7B58-420E-9D00-D2FC0A2677A0}.Ad-Hoc|iPhoneSimulator.Deploy.0 = Ad-Hoc|iPhoneSimulator
		{471D499B-7B58-420E-9D00-D2FC0A2677A0}.AppStore|Any CPU.ActiveCfg = AppStore|iPhone
		{471D499B-7B58-420E-9D00-D2FC0A2677A0}.AppStore|Any CPU.Build.0 = AppStore|iPhone
		{471D499B-7B58-420E-9D00-D2FC0A2677A0}.AppStore|Any CPU.Deploy.0 = AppStore|iPhone
		{471D499B-7B58-420E-9D00-D2FC0A2677A0}.AppStore|iPhone.ActiveCfg = AppStore|iPhone
		{471D499B-7B58-420E-9D00-D2FC0A2677A0}.AppStore|iPhone.Build.0 = AppStore|iPhone
		{471D499B-7B58-420E-9D00-D2FC0A2677A0}.AppStore|iPhone.Deploy.0 = AppStore|iPhone
		{471D499B-7B58-420E-9D00-D2FC0A2677A0}.AppStore|iPhoneSimulator.ActiveCfg = AppStore|iPhoneSimulator
		{471D499B-7B58-420E-9D00-D2FC0A2677A0}.AppStore|iPhoneSimulator.Build.0 = AppStore|iPhoneSimulator
		{471D499B-7B58-420E-9D00-D2FC0A2677A0}.AppStore|iPhoneSimulator.Deploy.0 = AppStore|iPhoneSimulator
		{471D499B-7B58-420E-9D00-D2FC0A2677A0}.Debug|Any CPU.ActiveCfg = Debug|iPhoneSimulator
		{471D499B-7B58-420E-9D00-D2FC0A2677A0}.Debug|Any CPU.Build.0 = Debug|iPhoneSimulator
		{471D499B-7B58-420E-9D00-D2FC0A2677A0}.Debug|Any CPU.Deploy.0 = Debug|iPhoneSimulator
		{471D499B-7B58-420E-9D00-D2FC0A2677A0}.Debug|iPhone.ActiveCfg = Debug|iPhone
		{471D499B-7B58-420E-9D00-D2FC0A2677A0}.Debug|iPhone.Build.0 = Debug|iPhone
		{471D499B-7B58-420E-9D00-D2FC0A2677A0}.Debug|iPhone.Deploy.0 = Debug|iPhone
		{471D499B-7B58-420E-9D00-D2FC0A2677A0}.Debug|iPhoneSimulator.ActiveCfg = Debug|iPhoneSimulator
		{471D499B-7B58-420E-9D00-D2FC0A2677A0}.Debug|iPhoneSimulator.Build.0 = Debug|iPhoneSimulator
		{471D499B-7B58-420E-9D00-D2FC0A2677A0}.Debug|iPhoneSimulator.Deploy.0 = Debug|iPhoneSimulator
		{471D499B-7B58-420E-9D00-D2FC0A2677A0}.Release|Any CPU.ActiveCfg = Release|iPhone
		{471D499B-7B58-420E-9D00-D2FC0A2677A0}.Release|Any CPU.Build.0 = Release|iPhone
		{471D499B-7B58-420E-9D00-D2FC0A2677A0}.Release|Any CPU.Deploy.0 = Release|iPhone
		{471D499B-7B58-420E-9D00-D2FC0A2677A0}.Release|iPhone.ActiveCfg = Release|iPhone
		{471D499B-7B58-420E-9D00-D2FC0A2677A0}.Release|iPhone.Build.0 = Release|iPhone
		{471D499B-7B58-420E-9D00-D2FC0A2677A0}.Release|iPhone.Deploy.0 = Release|iPhone
		{471D499B-7B58-420E-9D00-D2FC0A2677A0}.Release|iPhoneSimulator.ActiveCfg = Release|iPhoneSimulator
		{471D499B-7B58-420E-9D00-D2FC0A2677A0}.Release|iPhoneSimulator.Build.0 = Release|iPhoneSimulator
		{471D499B-7B58-420E-9D00-D2FC0A2677A0}.Release|iPhoneSimulator.Deploy.0 = Release|iPhoneSimulator
	EndGlobalSection
	GlobalSection(SolutionProperties) = preSolution
		HideSolutionNode = FALSE
	EndGlobalSection
	GlobalSection(ExtensibilityGlobals) = postSolution
		SolutionGuid = {332B1322-859E-481D-BD60-AAD28A6E7E43}
	EndGlobalSection
EndGlobal
