
Microsoft Visual Studio Solution File, Format Version 12.00
# Visual Studio 15
VisualStudioVersion = 15.0.28010.2026
MinimumVisualStudioVersion = 10.0.40219.1
Project("{FAE04EC0-301F-11D3-BF4B-00C04F79EFBC}") = "BusMaster", "BusMaster\BusMaster.csproj", "{40AF7E69-678C-4043-9932-1FA76DF202ED}"
EndProject
Global
	GlobalSection(SolutionConfigurationPlatforms) = preSolution
		Debug|Any CPU = Debug|Any CPU
		Debug|x86 = Debug|x86
		Release|Any CPU = Release|Any CPU
		Release|x86 = Release|x86
	EndGlobalSection
	GlobalSection(ProjectConfigurationPlatforms) = postSolution
		{40AF7E69-678C-4043-9932-1FA76DF202ED}.Debug|Any CPU.ActiveCfg = Debug|Any CPU
		{40AF7E69-678C-4043-9932-1FA76DF202ED}.Debug|Any CPU.Build.0 = Debug|Any CPU
		{40AF7E69-678C-4043-9932-1FA76DF202ED}.Debug|x86.ActiveCfg = Debug|x86
		{40AF7E69-678C-4043-9932-1FA76DF202ED}.Debug|x86.Build.0 = Debug|x86
		{40AF7E69-678C-4043-9932-1FA76DF202ED}.Release|Any CPU.ActiveCfg = Release|Any CPU
		{40AF7E69-678C-4043-9932-1FA76DF202ED}.Release|Any CPU.Build.0 = Release|Any CPU
		{40AF7E69-678C-4043-9932-1FA76DF202ED}.Release|x86.ActiveCfg = Release|x86
		{40AF7E69-678C-4043-9932-1FA76DF202ED}.Release|x86.Build.0 = Release|x86
	EndGlobalSection
	GlobalSection(SolutionProperties) = preSolution
		HideSolutionNode = FALSE
	EndGlobalSection
	GlobalSection(ExtensibilityGlobals) = postSolution
		SolutionGuid = {694FB24A-847B-40B8-A6A8-C5FB060E62F9}
	EndGlobalSection
EndGlobal
