
Microsoft Visual Studio Solution File, Format Version 12.00
# Visual Studio 15
VisualStudioVersion = 15.0.27004.2008
MinimumVisualStudioVersion = 10.0.40219.1
Project("{FAE04EC0-301F-11D3-BF4B-00C04F79EFBC}") = "WindowsFormsApp2", "WindowsFormsApp2\WindowsFormsApp2.csproj", "{F5091018-CF95-4471-92DE-05E601312EA1}"
EndProject
Project("{FAE04EC0-301F-11D3-BF4B-00C04F79EFBC}") = "PlateStacker", "PlateStacker\PlateStacker.csproj", "{5CFF9A44-94DE-40BC-90FB-832E66D63539}"
EndProject
Global
	GlobalSection(SolutionConfigurationPlatforms) = preSolution
		Debug|Any CPU = Debug|Any CPU
		Release|Any CPU = Release|Any CPU
	EndGlobalSection
	GlobalSection(ProjectConfigurationPlatforms) = postSolution
		{F5091018-CF95-4471-92DE-05E601312EA1}.Debug|Any CPU.ActiveCfg = Debug|Any CPU
		{F5091018-CF95-4471-92DE-05E601312EA1}.Debug|Any CPU.Build.0 = Debug|Any CPU
		{F5091018-CF95-4471-92DE-05E601312EA1}.Release|Any CPU.ActiveCfg = Release|Any CPU
		{F5091018-CF95-4471-92DE-05E601312EA1}.Release|Any CPU.Build.0 = Release|Any CPU
		{5CFF9A44-94DE-40BC-90FB-832E66D63539}.Debug|Any CPU.ActiveCfg = Debug|Any CPU
		{5CFF9A44-94DE-40BC-90FB-832E66D63539}.Debug|Any CPU.Build.0 = Debug|Any CPU
		{5CFF9A44-94DE-40BC-90FB-832E66D63539}.Release|Any CPU.ActiveCfg = Release|Any CPU
		{5CFF9A44-94DE-40BC-90FB-832E66D63539}.Release|Any CPU.Build.0 = Release|Any CPU
	EndGlobalSection
	GlobalSection(SolutionProperties) = preSolution
		HideSolutionNode = FALSE
	EndGlobalSection
	GlobalSection(ExtensibilityGlobals) = postSolution
		SolutionGuid = {DD1D3FCE-BC84-47FF-A88F-F850C2A20F7B}
	EndGlobalSection
EndGlobal
