
Microsoft Visual Studio Solution File, Format Version 12.00
# Visual Studio 15
VisualStudioVersion = 15.0.28010.2016
MinimumVisualStudioVersion = 10.0.40219.1
Project("{FAE04EC0-301F-11D3-BF4B-00C04F79EFBC}") = "AppTestScan.Android", "AppTestScan\AppTestScan.Android\AppTestScan.Android.csproj", "{1FCDE904-6BB0-4DD5-AD9D-A7F94E6E2994}"
EndProject
Project("{FAE04EC0-301F-11D3-BF4B-00C04F79EFBC}") = "AppTestScan.iOS", "AppTestScan\AppTestScan.iOS\AppTestScan.iOS.csproj", "{0E7C7601-DE99-4921-9865-88C774385954}"
EndProject
Project("{FAE04EC0-301F-11D3-BF4B-00C04F79EFBC}") = "AppTestScan.UWP", "AppTestScan\AppTestScan.UWP\AppTestScan.UWP.csproj", "{76C0D589-0A2A-4296-8354-06F262C62831}"
EndProject
Project("{D954291E-2A0B-460D-934E-DC6B0785DB48}") = "AppTestScan", "AppTestScan\AppTestScan\AppTestScan.shproj", "{A36AB2A5-0590-4C16-9676-78F6B61BDA60}"
EndProject
Global
	GlobalSection(SharedMSBuildProjectFiles) = preSolution
		AppTestScan\AppTestScan\AppTestScan.projitems*{0e7c7601-de99-4921-9865-88c774385954}*SharedItemsImports = 4
		AppTestScan\AppTestScan\AppTestScan.projitems*{1fcde904-6bb0-4dd5-ad9d-a7f94e6e2994}*SharedItemsImports = 4
		AppTestScan\AppTestScan\AppTestScan.projitems*{76c0d589-0a2a-4296-8354-06f262c62831}*SharedItemsImports = 4
		AppTestScan\AppTestScan\AppTestScan.projitems*{a36ab2a5-0590-4c16-9676-78f6b61bda60}*SharedItemsImports = 13
	EndGlobalSection
	GlobalSection(SolutionConfigurationPlatforms) = preSolution
		Ad-Hoc|Any CPU = Ad-Hoc|Any CPU
		Ad-Hoc|ARM = Ad-Hoc|ARM
		Ad-Hoc|iPhone = Ad-Hoc|iPhone
		Ad-Hoc|iPhoneSimulator = Ad-Hoc|iPhoneSimulator
		Ad-Hoc|x64 = Ad-Hoc|x64
		Ad-Hoc|x86 = Ad-Hoc|x86
		AppStore|Any CPU = AppStore|Any CPU
		AppStore|ARM = AppStore|ARM
		AppStore|iPhone = AppStore|iPhone
		AppStore|iPhoneSimulator = AppStore|iPhoneSimulator
		AppStore|x64 = AppStore|x64
		AppStore|x86 = AppStore|x86
		Debug|Any CPU = Debug|Any CPU
		Debug|ARM = Debug|ARM
		Debug|iPhone = Debug|iPhone
		Debug|iPhoneSimulator = Debug|iPhoneSimulator
		Debug|x64 = Debug|x64
		Debug|x86 = Debug|x86
		Release|Any CPU = Release|Any CPU
		Release|ARM = Release|ARM
		Release|iPhone = Release|iPhone
		Release|iPhoneSimulator = Release|iPhoneSimulator
		Release|x64 = Release|x64
		Release|x86 = Release|x86
	EndGlobalSection
	GlobalSection(ProjectConfigurationPlatforms) = postSolution
		{1FCDE904-6BB0-4DD5-AD9D-A7F94E6E2994}.Ad-Hoc|Any CPU.ActiveCfg = Release|Any CPU
		{1FCDE904-6BB0-4DD5-AD9D-A7F94E6E2994}.Ad-Hoc|Any CPU.Build.0 = Release|Any CPU
		{1FCDE904-6BB0-4DD5-AD9D-A7F94E6E2994}.Ad-Hoc|Any CPU.Deploy.0 = Release|Any CPU
		{1FCDE904-6BB0-4DD5-AD9D-A7F94E6E2994}.Ad-Hoc|ARM.ActiveCfg = Release|Any CPU
		{1FCDE904-6BB0-4DD5-AD9D-A7F94E6E2994}.Ad-Hoc|ARM.Build.0 = Release|Any CPU
		{1FCDE904-6BB0-4DD5-AD9D-A7F94E6E2994}.Ad-Hoc|ARM.Deploy.0 = Release|Any CPU
		{1FCDE904-6BB0-4DD5-AD9D-A7F94E6E2994}.Ad-Hoc|iPhone.ActiveCfg = Release|Any CPU
		{1FCDE904-6BB0-4DD5-AD9D-A7F94E6E2994}.Ad-Hoc|iPhone.Build.0 = Release|Any CPU
		{1FCDE904-6BB0-4DD5-AD9D-A7F94E6E2994}.Ad-Hoc|iPhone.Deploy.0 = Release|Any CPU
		{1FCDE904-6BB0-4DD5-AD9D-A7F94E6E2994}.Ad-Hoc|iPhoneSimulator.ActiveCfg = Release|Any CPU
		{1FCDE904-6BB0-4DD5-AD9D-A7F94E6E2994}.Ad-Hoc|iPhoneSimulator.Build.0 = Release|Any CPU
		{1FCDE904-6BB0-4DD5-AD9D-A7F94E6E2994}.Ad-Hoc|iPhoneSimulator.Deploy.0 = Release|Any CPU
		{1FCDE904-6BB0-4DD5-AD9D-A7F94E6E2994}.Ad-Hoc|x64.ActiveCfg = Release|Any CPU
		{1FCDE904-6BB0-4DD5-AD9D-A7F94E6E2994}.Ad-Hoc|x64.Build.0 = Release|Any CPU
		{1FCDE904-6BB0-4DD5-AD9D-A7F94E6E2994}.Ad-Hoc|x64.Deploy.0 = Release|Any CPU
		{1FCDE904-6BB0-4DD5-AD9D-A7F94E6E2994}.Ad-Hoc|x86.ActiveCfg = Release|Any CPU
		{1FCDE904-6BB0-4DD5-AD9D-A7F94E6E2994}.Ad-Hoc|x86.Build.0 = Release|Any CPU
		{1FCDE904-6BB0-4DD5-AD9D-A7F94E6E2994}.Ad-Hoc|x86.Deploy.0 = Release|Any CPU
		{1FCDE904-6BB0-4DD5-AD9D-A7F94E6E2994}.AppStore|Any CPU.ActiveCfg = Release|Any CPU
		{1FCDE904-6BB0-4DD5-AD9D-A7F94E6E2994}.AppStore|Any CPU.Build.0 = Release|Any CPU
		{1FCDE904-6BB0-4DD5-AD9D-A7F94E6E2994}.AppStore|Any CPU.Deploy.0 = Release|Any CPU
		{1FCDE904-6BB0-4DD5-AD9D-A7F94E6E2994}.AppStore|ARM.ActiveCfg = Release|Any CPU
		{1FCDE904-6BB0-4DD5-AD9D-A7F94E6E2994}.AppStore|ARM.Build.0 = Release|Any CPU
		{1FCDE904-6BB0-4DD5-AD9D-A7F94E6E2994}.AppStore|ARM.Deploy.0 = Release|Any CPU
		{1FCDE904-6BB0-4DD5-AD9D-A7F94E6E2994}.AppStore|iPhone.ActiveCfg = Release|Any CPU
		{1FCDE904-6BB0-4DD5-AD9D-A7F94E6E2994}.AppStore|iPhone.Build.0 = Release|Any CPU
		{1FCDE904-6BB0-4DD5-AD9D-A7F94E6E2994}.AppStore|iPhone.Deploy.0 = Release|Any CPU
		{1FCDE904-6BB0-4DD5-AD9D-A7F94E6E2994}.AppStore|iPhoneSimulator.ActiveCfg = Release|Any CPU
		{1FCDE904-6BB0-4DD5-AD9D-A7F94E6E2994}.AppStore|iPhoneSimulator.Build.0 = Release|Any CPU
		{1FCDE904-6BB0-4DD5-AD9D-A7F94E6E2994}.AppStore|iPhoneSimulator.Deploy.0 = Release|Any CPU
		{1FCDE904-6BB0-4DD5-AD9D-A7F94E6E2994}.AppStore|x64.ActiveCfg = Release|Any CPU
		{1FCDE904-6BB0-4DD5-AD9D-A7F94E6E2994}.AppStore|x64.Build.0 = Release|Any CPU
		{1FCDE904-6BB0-4DD5-AD9D-A7F94E6E2994}.AppStore|x64.Deploy.0 = Release|Any CPU
		{1FCDE904-6BB0-4DD5-AD9D-A7F94E6E2994}.AppStore|x86.ActiveCfg = Release|Any CPU
		{1FCDE904-6BB0-4DD5-AD9D-A7F94E6E2994}.AppStore|x86.Build.0 = Release|Any CPU
		{1FCDE904-6BB0-4DD5-AD9D-A7F94E6E2994}.AppStore|x86.Deploy.0 = Release|Any CPU
		{1FCDE904-6BB0-4DD5-AD9D-A7F94E6E2994}.Debug|Any CPU.ActiveCfg = Debug|Any CPU
		{1FCDE904-6BB0-4DD5-AD9D-A7F94E6E2994}.Debug|Any CPU.Build.0 = Debug|Any CPU
		{1FCDE904-6BB0-4DD5-AD9D-A7F94E6E2994}.Debug|Any CPU.Deploy.0 = Debug|Any CPU
		{1FCDE904-6BB0-4DD5-AD9D-A7F94E6E2994}.Debug|ARM.ActiveCfg = Debug|Any CPU
		{1FCDE904-6BB0-4DD5-AD9D-A7F94E6E2994}.Debug|ARM.Build.0 = Debug|Any CPU
		{1FCDE904-6BB0-4DD5-AD9D-A7F94E6E2994}.Debug|ARM.Deploy.0 = Debug|Any CPU
		{1FCDE904-6BB0-4DD5-AD9D-A7F94E6E2994}.Debug|iPhone.ActiveCfg = Debug|Any CPU
		{1FCDE904-6BB0-4DD5-AD9D-A7F94E6E2994}.Debug|iPhone.Build.0 = Debug|Any CPU
		{1FCDE904-6BB0-4DD5-AD9D-A7F94E6E2994}.Debug|iPhone.Deploy.0 = Debug|Any CPU
		{1FCDE904-6BB0-4DD5-AD9D-A7F94E6E2994}.Debug|iPhoneSimulator.ActiveCfg = Debug|Any CPU
		{1FCDE904-6BB0-4DD5-AD9D-A7F94E6E2994}.Debug|iPhoneSimulator.Build.0 = Debug|Any CPU
		{1FCDE904-6BB0-4DD5-AD9D-A7F94E6E2994}.Debug|iPhoneSimulator.Deploy.0 = Debug|Any CPU
		{1FCDE904-6BB0-4DD5-AD9D-A7F94E6E2994}.Debug|x64.ActiveCfg = Debug|Any CPU
		{1FCDE904-6BB0-4DD5-AD9D-A7F94E6E2994}.Debug|x64.Build.0 = Debug|Any CPU
		{1FCDE904-6BB0-4DD5-AD9D-A7F94E6E2994}.Debug|x64.Deploy.0 = Debug|Any CPU
		{1FCDE904-6BB0-4DD5-AD9D-A7F94E6E2994}.Debug|x86.ActiveCfg = Debug|Any CPU
		{1FCDE904-6BB0-4DD5-AD9D-A7F94E6E2994}.Debug|x86.Build.0 = Debug|Any CPU
		{1FCDE904-6BB0-4DD5-AD9D-A7F94E6E2994}.Debug|x86.Deploy.0 = Debug|Any CPU
		{1FCDE904-6BB0-4DD5-AD9D-A7F94E6E2994}.Release|Any CPU.ActiveCfg = Release|Any CPU
		{1FCDE904-6BB0-4DD5-AD9D-A7F94E6E2994}.Release|Any CPU.Build.0 = Release|Any CPU
		{1FCDE904-6BB0-4DD5-AD9D-A7F94E6E2994}.Release|Any CPU.Deploy.0 = Release|Any CPU
		{1FCDE904-6BB0-4DD5-AD9D-A7F94E6E2994}.Release|ARM.ActiveCfg = Release|Any CPU
		{1FCDE904-6BB0-4DD5-AD9D-A7F94E6E2994}.Release|ARM.Build.0 = Release|Any CPU
		{1FCDE904-6BB0-4DD5-AD9D-A7F94E6E2994}.Release|ARM.Deploy.0 = Release|Any CPU
		{1FCDE904-6BB0-4DD5-AD9D-A7F94E6E2994}.Release|iPhone.ActiveCfg = Release|Any CPU
		{1FCDE904-6BB0-4DD5-AD9D-A7F94E6E2994}.Release|iPhone.Build.0 = Release|Any CPU
		{1FCDE904-6BB0-4DD5-AD9D-A7F94E6E2994}.Release|iPhone.Deploy.0 = Release|Any CPU
		{1FCDE904-6BB0-4DD5-AD9D-A7F94E6E2994}.Release|iPhoneSimulator.ActiveCfg = Release|Any CPU
		{1FCDE904-6BB0-4DD5-AD9D-A7F94E6E2994}.Release|iPhoneSimulator.Build.0 = Release|Any CPU
		{1FCDE904-6BB0-4DD5-AD9D-A7F94E6E2994}.Release|iPhoneSimulator.Deploy.0 = Release|Any CPU
		{1FCDE904-6BB0-4DD5-AD9D-A7F94E6E2994}.Release|x64.ActiveCfg = Release|Any CPU
		{1FCDE904-6BB0-4DD5-AD9D-A7F94E6E2994}.Release|x64.Build.0 = Release|Any CPU
		{1FCDE904-6BB0-4DD5-AD9D-A7F94E6E2994}.Release|x64.Deploy.0 = Release|Any CPU
		{1FCDE904-6BB0-4DD5-AD9D-A7F94E6E2994}.Release|x86.ActiveCfg = Release|Any CPU
		{1FCDE904-6BB0-4DD5-AD9D-A7F94E6E2994}.Release|x86.Build.0 = Release|Any CPU
		{1FCDE904-6BB0-4DD5-AD9D-A7F94E6E2994}.Release|x86.Deploy.0 = Release|Any CPU
		{0E7C7601-DE99-4921-9865-88C774385954}.Ad-Hoc|Any CPU.ActiveCfg = Ad-Hoc|iPhone
		{0E7C7601-DE99-4921-9865-88C774385954}.Ad-Hoc|Any CPU.Build.0 = Ad-Hoc|iPhone
		{0E7C7601-DE99-4921-9865-88C774385954}.Ad-Hoc|Any CPU.Deploy.0 = Ad-Hoc|iPhone
		{0E7C7601-DE99-4921-9865-88C774385954}.Ad-Hoc|ARM.ActiveCfg = Ad-Hoc|iPhone
		{0E7C7601-DE99-4921-9865-88C774385954}.Ad-Hoc|ARM.Build.0 = Ad-Hoc|iPhone
		{0E7C7601-DE99-4921-9865-88C774385954}.Ad-Hoc|ARM.Deploy.0 = Ad-Hoc|iPhone
		{0E7C7601-DE99-4921-9865-88C774385954}.Ad-Hoc|iPhone.ActiveCfg = Ad-Hoc|iPhone
		{0E7C7601-DE99-4921-9865-88C774385954}.Ad-Hoc|iPhone.Build.0 = Ad-Hoc|iPhone
		{0E7C7601-DE99-4921-9865-88C774385954}.Ad-Hoc|iPhone.Deploy.0 = Ad-Hoc|iPhone
		{0E7C7601-DE99-4921-9865-88C774385954}.Ad-Hoc|iPhoneSimulator.ActiveCfg = Ad-Hoc|iPhoneSimulator
		{0E7C7601-DE99-4921-9865-88C774385954}.Ad-Hoc|iPhoneSimulator.Build.0 = Ad-Hoc|iPhoneSimulator
		{0E7C7601-DE99-4921-9865-88C774385954}.Ad-Hoc|iPhoneSimulator.Deploy.0 = Ad-Hoc|iPhoneSimulator
		{0E7C7601-DE99-4921-9865-88C774385954}.Ad-Hoc|x64.ActiveCfg = Ad-Hoc|iPhone
		{0E7C7601-DE99-4921-9865-88C774385954}.Ad-Hoc|x64.Build.0 = Ad-Hoc|iPhone
		{0E7C7601-DE99-4921-9865-88C774385954}.Ad-Hoc|x64.Deploy.0 = Ad-Hoc|iPhone
		{0E7C7601-DE99-4921-9865-88C774385954}.Ad-Hoc|x86.ActiveCfg = Ad-Hoc|iPhone
		{0E7C7601-DE99-4921-9865-88C774385954}.Ad-Hoc|x86.Build.0 = Ad-Hoc|iPhone
		{0E7C7601-DE99-4921-9865-88C774385954}.Ad-Hoc|x86.Deploy.0 = Ad-Hoc|iPhone
		{0E7C7601-DE99-4921-9865-88C774385954}.AppStore|Any CPU.ActiveCfg = AppStore|iPhone
		{0E7C7601-DE99-4921-9865-88C774385954}.AppStore|Any CPU.Build.0 = AppStore|iPhone
		{0E7C7601-DE99-4921-9865-88C774385954}.AppStore|Any CPU.Deploy.0 = AppStore|iPhone
		{0E7C7601-DE99-4921-9865-88C774385954}.AppStore|ARM.ActiveCfg = AppStore|iPhone
		{0E7C7601-DE99-4921-9865-88C774385954}.AppStore|ARM.Build.0 = AppStore|iPhone
		{0E7C7601-DE99-4921-9865-88C774385954}.AppStore|ARM.Deploy.0 = AppStore|iPhone
		{0E7C7601-DE99-4921-9865-88C774385954}.AppStore|iPhone.ActiveCfg = AppStore|iPhone
		{0E7C7601-DE99-4921-9865-88C774385954}.AppStore|iPhone.Build.0 = AppStore|iPhone
		{0E7C7601-DE99-4921-9865-88C774385954}.AppStore|iPhone.Deploy.0 = AppStore|iPhone
		{0E7C7601-DE99-4921-9865-88C774385954}.AppStore|iPhoneSimulator.ActiveCfg = AppStore|iPhoneSimulator
		{0E7C7601-DE99-4921-9865-88C774385954}.AppStore|iPhoneSimulator.Build.0 = AppStore|iPhoneSimulator
		{0E7C7601-DE99-4921-9865-88C774385954}.AppStore|iPhoneSimulator.Deploy.0 = AppStore|iPhoneSimulator
		{0E7C7601-DE99-4921-9865-88C774385954}.AppStore|x64.ActiveCfg = AppStore|iPhone
		{0E7C7601-DE99-4921-9865-88C774385954}.AppStore|x64.Build.0 = AppStore|iPhone
		{0E7C7601-DE99-4921-9865-88C774385954}.AppStore|x64.Deploy.0 = AppStore|iPhone
		{0E7C7601-DE99-4921-9865-88C774385954}.AppStore|x86.ActiveCfg = AppStore|iPhone
		{0E7C7601-DE99-4921-9865-88C774385954}.AppStore|x86.Build.0 = AppStore|iPhone
		{0E7C7601-DE99-4921-9865-88C774385954}.AppStore|x86.Deploy.0 = AppStore|iPhone
		{0E7C7601-DE99-4921-9865-88C774385954}.Debug|Any CPU.ActiveCfg = Debug|iPhoneSimulator
		{0E7C7601-DE99-4921-9865-88C774385954}.Debug|Any CPU.Build.0 = Debug|iPhoneSimulator
		{0E7C7601-DE99-4921-9865-88C774385954}.Debug|Any CPU.Deploy.0 = Debug|iPhoneSimulator
		{0E7C7601-DE99-4921-9865-88C774385954}.Debug|ARM.ActiveCfg = Debug|iPhone
		{0E7C7601-DE99-4921-9865-88C774385954}.Debug|ARM.Build.0 = Debug|iPhone
		{0E7C7601-DE99-4921-9865-88C774385954}.Debug|ARM.Deploy.0 = Debug|iPhone
		{0E7C7601-DE99-4921-9865-88C774385954}.Debug|iPhone.ActiveCfg = Debug|iPhone
		{0E7C7601-DE99-4921-9865-88C774385954}.Debug|iPhone.Build.0 = Debug|iPhone
		{0E7C7601-DE99-4921-9865-88C774385954}.Debug|iPhone.Deploy.0 = Debug|iPhone
		{0E7C7601-DE99-4921-9865-88C774385954}.Debug|iPhoneSimulator.ActiveCfg = Debug|iPhoneSimulator
		{0E7C7601-DE99-4921-9865-88C774385954}.Debug|iPhoneSimulator.Build.0 = Debug|iPhoneSimulator
		{0E7C7601-DE99-4921-9865-88C774385954}.Debug|iPhoneSimulator.Deploy.0 = Debug|iPhoneSimulator
		{0E7C7601-DE99-4921-9865-88C774385954}.Debug|x64.ActiveCfg = Debug|iPhone
		{0E7C7601-DE99-4921-9865-88C774385954}.Debug|x64.Build.0 = Debug|iPhone
		{0E7C7601-DE99-4921-9865-88C774385954}.Debug|x64.Deploy.0 = Debug|iPhone
		{0E7C7601-DE99-4921-9865-88C774385954}.Debug|x86.ActiveCfg = Debug|iPhone
		{0E7C7601-DE99-4921-9865-88C774385954}.Debug|x86.Build.0 = Debug|iPhone
		{0E7C7601-DE99-4921-9865-88C774385954}.Debug|x86.Deploy.0 = Debug|iPhone
		{0E7C7601-DE99-4921-9865-88C774385954}.Release|Any CPU.ActiveCfg = Release|iPhone
		{0E7C7601-DE99-4921-9865-88C774385954}.Release|Any CPU.Build.0 = Release|iPhone
		{0E7C7601-DE99-4921-9865-88C774385954}.Release|Any CPU.Deploy.0 = Release|iPhone
		{0E7C7601-DE99-4921-9865-88C774385954}.Release|ARM.ActiveCfg = Release|iPhone
		{0E7C7601-DE99-4921-9865-88C774385954}.Release|ARM.Build.0 = Release|iPhone
		{0E7C7601-DE99-4921-9865-88C774385954}.Release|ARM.Deploy.0 = Release|iPhone
		{0E7C7601-DE99-4921-9865-88C774385954}.Release|iPhone.ActiveCfg = Release|iPhone
		{0E7C7601-DE99-4921-9865-88C774385954}.Release|iPhone.Build.0 = Release|iPhone
		{0E7C7601-DE99-4921-9865-88C774385954}.Release|iPhone.Deploy.0 = Release|iPhone
		{0E7C7601-DE99-4921-9865-88C774385954}.Release|iPhoneSimulator.ActiveCfg = Release|iPhoneSimulator
		{0E7C7601-DE99-4921-9865-88C774385954}.Release|iPhoneSimulator.Build.0 = Release|iPhoneSimulator
		{0E7C7601-DE99-4921-9865-88C774385954}.Release|iPhoneSimulator.Deploy.0 = Release|iPhoneSimulator
		{0E7C7601-DE99-4921-9865-88C774385954}.Release|x64.ActiveCfg = Release|iPhone
		{0E7C7601-DE99-4921-9865-88C774385954}.Release|x64.Build.0 = Release|iPhone
		{0E7C7601-DE99-4921-9865-88C774385954}.Release|x64.Deploy.0 = Release|iPhone
		{0E7C7601-DE99-4921-9865-88C774385954}.Release|x86.ActiveCfg = Release|iPhone
		{0E7C7601-DE99-4921-9865-88C774385954}.Release|x86.Build.0 = Release|iPhone
		{0E7C7601-DE99-4921-9865-88C774385954}.Release|x86.Deploy.0 = Release|iPhone
		{76C0D589-0A2A-4296-8354-06F262C62831}.Ad-Hoc|Any CPU.ActiveCfg = Release|x86
		{76C0D589-0A2A-4296-8354-06F262C62831}.Ad-Hoc|Any CPU.Build.0 = Release|x86
		{76C0D589-0A2A-4296-8354-06F262C62831}.Ad-Hoc|Any CPU.Deploy.0 = Release|x86
		{76C0D589-0A2A-4296-8354-06F262C62831}.Ad-Hoc|ARM.ActiveCfg = Release|ARM
		{76C0D589-0A2A-4296-8354-06F262C62831}.Ad-Hoc|ARM.Build.0 = Release|ARM
		{76C0D589-0A2A-4296-8354-06F262C62831}.Ad-Hoc|ARM.Deploy.0 = Release|ARM
		{76C0D589-0A2A-4296-8354-06F262C62831}.Ad-Hoc|iPhone.ActiveCfg = Release|x86
		{76C0D589-0A2A-4296-8354-06F262C62831}.Ad-Hoc|iPhone.Build.0 = Release|x86
		{76C0D589-0A2A-4296-8354-06F262C62831}.Ad-Hoc|iPhone.Deploy.0 = Release|x86
		{76C0D589-0A2A-4296-8354-06F262C62831}.Ad-Hoc|iPhoneSimulator.ActiveCfg = Release|x86
		{76C0D589-0A2A-4296-8354-06F262C62831}.Ad-Hoc|iPhoneSimulator.Build.0 = Release|x86
		{76C0D589-0A2A-4296-8354-06F262C62831}.Ad-Hoc|iPhoneSimulator.Deploy.0 = Release|x86
		{76C0D589-0A2A-4296-8354-06F262C62831}.Ad-Hoc|x64.ActiveCfg = Release|x64
		{76C0D589-0A2A-4296-8354-06F262C62831}.Ad-Hoc|x64.Build.0 = Release|x64
		{76C0D589-0A2A-4296-8354-06F262C62831}.Ad-Hoc|x64.Deploy.0 = Release|x64
		{76C0D589-0A2A-4296-8354-06F262C62831}.Ad-Hoc|x86.ActiveCfg = Release|x86
		{76C0D589-0A2A-4296-8354-06F262C62831}.Ad-Hoc|x86.Build.0 = Release|x86
		{76C0D589-0A2A-4296-8354-06F262C62831}.Ad-Hoc|x86.Deploy.0 = Release|x86
		{76C0D589-0A2A-4296-8354-06F262C62831}.AppStore|Any CPU.ActiveCfg = Release|x86
		{76C0D589-0A2A-4296-8354-06F262C62831}.AppStore|Any CPU.Build.0 = Release|x86
		{76C0D589-0A2A-4296-8354-06F262C62831}.AppStore|Any CPU.Deploy.0 = Release|x86
		{76C0D589-0A2A-4296-8354-06F262C62831}.AppStore|ARM.ActiveCfg = Release|ARM
		{76C0D589-0A2A-4296-8354-06F262C62831}.AppStore|ARM.Build.0 = Release|ARM
		{76C0D589-0A2A-4296-8354-06F262C62831}.AppStore|ARM.Deploy.0 = Release|ARM
		{76C0D589-0A2A-4296-8354-06F262C62831}.AppStore|iPhone.ActiveCfg = Release|x86
		{76C0D589-0A2A-4296-8354-06F262C62831}.AppStore|iPhone.Build.0 = Release|x86
		{76C0D589-0A2A-4296-8354-06F262C62831}.AppStore|iPhone.Deploy.0 = Release|x86
		{76C0D589-0A2A-4296-8354-06F262C62831}.AppStore|iPhoneSimulator.ActiveCfg = Release|x86
		{76C0D589-0A2A-4296-8354-06F262C62831}.AppStore|iPhoneSimulator.Build.0 = Release|x86
		{76C0D589-0A2A-4296-8354-06F262C62831}.AppStore|iPhoneSimulator.Deploy.0 = Release|x86
		{76C0D589-0A2A-4296-8354-06F262C62831}.AppStore|x64.ActiveCfg = Release|x64
		{76C0D589-0A2A-4296-8354-06F262C62831}.AppStore|x64.Build.0 = Release|x64
		{76C0D589-0A2A-4296-8354-06F262C62831}.AppStore|x64.Deploy.0 = Release|x64
		{76C0D589-0A2A-4296-8354-06F262C62831}.AppStore|x86.ActiveCfg = Release|x86
		{76C0D589-0A2A-4296-8354-06F262C62831}.AppStore|x86.Build.0 = Release|x86
		{76C0D589-0A2A-4296-8354-06F262C62831}.AppStore|x86.Deploy.0 = Release|x86
		{76C0D589-0A2A-4296-8354-06F262C62831}.Debug|Any CPU.ActiveCfg = Debug|x86
		{76C0D589-0A2A-4296-8354-06F262C62831}.Debug|Any CPU.Build.0 = Debug|x86
		{76C0D589-0A2A-4296-8354-06F262C62831}.Debug|Any CPU.Deploy.0 = Debug|x86
		{76C0D589-0A2A-4296-8354-06F262C62831}.Debug|ARM.ActiveCfg = Debug|ARM
		{76C0D589-0A2A-4296-8354-06F262C62831}.Debug|ARM.Build.0 = Debug|ARM
		{76C0D589-0A2A-4296-8354-06F262C62831}.Debug|ARM.Deploy.0 = Debug|ARM
		{76C0D589-0A2A-4296-8354-06F262C62831}.Debug|iPhone.ActiveCfg = Debug|x86
		{76C0D589-0A2A-4296-8354-06F262C62831}.Debug|iPhone.Build.0 = Debug|x86
		{76C0D589-0A2A-4296-8354-06F262C62831}.Debug|iPhone.Deploy.0 = Debug|x86
		{76C0D589-0A2A-4296-8354-06F262C62831}.Debug|iPhoneSimulator.ActiveCfg = Debug|x86
		{76C0D589-0A2A-4296-8354-06F262C62831}.Debug|iPhoneSimulator.Build.0 = Debug|x86
		{76C0D589-0A2A-4296-8354-06F262C62831}.Debug|iPhoneSimulator.Deploy.0 = Debug|x86
		{76C0D589-0A2A-4296-8354-06F262C62831}.Debug|x64.ActiveCfg = Debug|x64
		{76C0D589-0A2A-4296-8354-06F262C62831}.Debug|x64.Build.0 = Debug|x64
		{76C0D589-0A2A-4296-8354-06F262C62831}.Debug|x64.Deploy.0 = Debug|x64
		{76C0D589-0A2A-4296-8354-06F262C62831}.Debug|x86.ActiveCfg = Debug|x86
		{76C0D589-0A2A-4296-8354-06F262C62831}.Debug|x86.Build.0 = Debug|x86
		{76C0D589-0A2A-4296-8354-06F262C62831}.Debug|x86.Deploy.0 = Debug|x86
		{76C0D589-0A2A-4296-8354-06F262C62831}.Release|Any CPU.ActiveCfg = Release|x86
		{76C0D589-0A2A-4296-8354-06F262C62831}.Release|Any CPU.Build.0 = Release|x86
		{76C0D589-0A2A-4296-8354-06F262C62831}.Release|Any CPU.Deploy.0 = Release|x86
		{76C0D589-0A2A-4296-8354-06F262C62831}.Release|ARM.ActiveCfg = Release|ARM
		{76C0D589-0A2A-4296-8354-06F262C62831}.Release|ARM.Build.0 = Release|ARM
		{76C0D589-0A2A-4296-8354-06F262C62831}.Release|ARM.Deploy.0 = Release|ARM
		{76C0D589-0A2A-4296-8354-06F262C62831}.Release|iPhone.ActiveCfg = Release|x86
		{76C0D589-0A2A-4296-8354-06F262C62831}.Release|iPhone.Build.0 = Release|x86
		{76C0D589-0A2A-4296-8354-06F262C62831}.Release|iPhone.Deploy.0 = Release|x86
		{76C0D589-0A2A-4296-8354-06F262C62831}.Release|iPhoneSimulator.ActiveCfg = Release|x86
		{76C0D589-0A2A-4296-8354-06F262C62831}.Release|iPhoneSimulator.Build.0 = Release|x86
		{76C0D589-0A2A-4296-8354-06F262C62831}.Release|iPhoneSimulator.Deploy.0 = Release|x86
		{76C0D589-0A2A-4296-8354-06F262C62831}.Release|x64.ActiveCfg = Release|x64
		{76C0D589-0A2A-4296-8354-06F262C62831}.Release|x64.Build.0 = Release|x64
		{76C0D589-0A2A-4296-8354-06F262C62831}.Release|x64.Deploy.0 = Release|x64
		{76C0D589-0A2A-4296-8354-06F262C62831}.Release|x86.ActiveCfg = Release|x86
		{76C0D589-0A2A-4296-8354-06F262C62831}.Release|x86.Build.0 = Release|x86
		{76C0D589-0A2A-4296-8354-06F262C62831}.Release|x86.Deploy.0 = Release|x86
	EndGlobalSection
	GlobalSection(SolutionProperties) = preSolution
		HideSolutionNode = FALSE
	EndGlobalSection
	GlobalSection(ExtensibilityGlobals) = postSolution
		SolutionGuid = {CD830EB4-B8A1-40D4-A854-90900C37031C}
	EndGlobalSection
EndGlobal
