
Microsoft Visual Studio Solution File, Format Version 12.00
# Visual Studio 15
VisualStudioVersion = 15.0.27703.2042
MinimumVisualStudioVersion = 10.0.40219.1
Project("{FAE04EC0-301F-11D3-BF4B-00C04F79EFBC}") = "TestChart.Android", "TestChart\TestChart.Android\TestChart.Android.csproj", "{A7873707-ED24-4431-85DF-BF24ED6AE076}"
EndProject
Project("{FAE04EC0-301F-11D3-BF4B-00C04F79EFBC}") = "TestChart.iOS", "TestChart\TestChart.iOS\TestChart.iOS.csproj", "{E79BB7D7-C2D7-4316-9743-6A7A187B8953}"
EndProject
Project("{FAE04EC0-301F-11D3-BF4B-00C04F79EFBC}") = "TestChart", "TestChart\TestChart\TestChart.csproj", "{92EEF41E-E717-47D7-A8F1-9A5D27F8CA04}"
EndProject
Global
	GlobalSection(SolutionConfigurationPlatforms) = preSolution
		Ad-Hoc|Any CPU = Ad-Hoc|Any CPU
		Ad-Hoc|iPhone = Ad-Hoc|iPhone
		Ad-Hoc|iPhoneSimulator = Ad-Hoc|iPhoneSimulator
		AppStore|Any CPU = AppStore|Any CPU
		AppStore|iPhone = AppStore|iPhone
		AppStore|iPhoneSimulator = AppStore|iPhoneSimulator
		Debug|Any CPU = Debug|Any CPU
		Debug|iPhone = Debug|iPhone
		Debug|iPhoneSimulator = Debug|iPhoneSimulator
		Release|Any CPU = Release|Any CPU
		Release|iPhone = Release|iPhone
		Release|iPhoneSimulator = Release|iPhoneSimulator
	EndGlobalSection
	GlobalSection(ProjectConfigurationPlatforms) = postSolution
		{A7873707-ED24-4431-85DF-BF24ED6AE076}.Ad-Hoc|Any CPU.ActiveCfg = Release|Any CPU
		{A7873707-ED24-4431-85DF-BF24ED6AE076}.Ad-Hoc|Any CPU.Build.0 = Release|Any CPU
		{A7873707-ED24-4431-85DF-BF24ED6AE076}.Ad-Hoc|Any CPU.Deploy.0 = Release|Any CPU
		{A7873707-ED24-4431-85DF-BF24ED6AE076}.Ad-Hoc|iPhone.ActiveCfg = Release|Any CPU
		{A7873707-ED24-4431-85DF-BF24ED6AE076}.Ad-Hoc|iPhone.Build.0 = Release|Any CPU
		{A7873707-ED24-4431-85DF-BF24ED6AE076}.Ad-Hoc|iPhone.Deploy.0 = Release|Any CPU
		{A7873707-ED24-4431-85DF-BF24ED6AE076}.Ad-Hoc|iPhoneSimulator.ActiveCfg = Release|Any CPU
		{A7873707-ED24-4431-85DF-BF24ED6AE076}.Ad-Hoc|iPhoneSimulator.Build.0 = Release|Any CPU
		{A7873707-ED24-4431-85DF-BF24ED6AE076}.Ad-Hoc|iPhoneSimulator.Deploy.0 = Release|Any CPU
		{A7873707-ED24-4431-85DF-BF24ED6AE076}.AppStore|Any CPU.ActiveCfg = Release|Any CPU
		{A7873707-ED24-4431-85DF-BF24ED6AE076}.AppStore|Any CPU.Build.0 = Release|Any CPU
		{A7873707-ED24-4431-85DF-BF24ED6AE076}.AppStore|Any CPU.Deploy.0 = Release|Any CPU
		{A7873707-ED24-4431-85DF-BF24ED6AE076}.AppStore|iPhone.ActiveCfg = Release|Any CPU
		{A7873707-ED24-4431-85DF-BF24ED6AE076}.AppStore|iPhone.Build.0 = Release|Any CPU
		{A7873707-ED24-4431-85DF-BF24ED6AE076}.AppStore|iPhone.Deploy.0 = Release|Any CPU
		{A7873707-ED24-4431-85DF-BF24ED6AE076}.AppStore|iPhoneSimulator.ActiveCfg = Release|Any CPU
		{A7873707-ED24-4431-85DF-BF24ED6AE076}.AppStore|iPhoneSimulator.Build.0 = Release|Any CPU
		{A7873707-ED24-4431-85DF-BF24ED6AE076}.AppStore|iPhoneSimulator.Deploy.0 = Release|Any CPU
		{A7873707-ED24-4431-85DF-BF24ED6AE076}.Debug|Any CPU.ActiveCfg = Debug|Any CPU
		{A7873707-ED24-4431-85DF-BF24ED6AE076}.Debug|Any CPU.Build.0 = Debug|Any CPU
		{A7873707-ED24-4431-85DF-BF24ED6AE076}.Debug|Any CPU.Deploy.0 = Debug|Any CPU
		{A7873707-ED24-4431-85DF-BF24ED6AE076}.Debug|iPhone.ActiveCfg = Debug|Any CPU
		{A7873707-ED24-4431-85DF-BF24ED6AE076}.Debug|iPhone.Build.0 = Debug|Any CPU
		{A7873707-ED24-4431-85DF-BF24ED6AE076}.Debug|iPhone.Deploy.0 = Debug|Any CPU
		{A7873707-ED24-4431-85DF-BF24ED6AE076}.Debug|iPhoneSimulator.ActiveCfg = Debug|Any CPU
		{A7873707-ED24-4431-85DF-BF24ED6AE076}.Debug|iPhoneSimulator.Build.0 = Debug|Any CPU
		{A7873707-ED24-4431-85DF-BF24ED6AE076}.Debug|iPhoneSimulator.Deploy.0 = Debug|Any CPU
		{A7873707-ED24-4431-85DF-BF24ED6AE076}.Release|Any CPU.ActiveCfg = Release|Any CPU
		{A7873707-ED24-4431-85DF-BF24ED6AE076}.Release|Any CPU.Build.0 = Release|Any CPU
		{A7873707-ED24-4431-85DF-BF24ED6AE076}.Release|Any CPU.Deploy.0 = Release|Any CPU
		{A7873707-ED24-4431-85DF-BF24ED6AE076}.Release|iPhone.ActiveCfg = Release|Any CPU
		{A7873707-ED24-4431-85DF-BF24ED6AE076}.Release|iPhone.Build.0 = Release|Any CPU
		{A7873707-ED24-4431-85DF-BF24ED6AE076}.Release|iPhone.Deploy.0 = Release|Any CPU
		{A7873707-ED24-4431-85DF-BF24ED6AE076}.Release|iPhoneSimulator.ActiveCfg = Release|Any CPU
		{A7873707-ED24-4431-85DF-BF24ED6AE076}.Release|iPhoneSimulator.Build.0 = Release|Any CPU
		{A7873707-ED24-4431-85DF-BF24ED6AE076}.Release|iPhoneSimulator.Deploy.0 = Release|Any CPU
		{E79BB7D7-C2D7-4316-9743-6A7A187B8953}.Ad-Hoc|Any CPU.ActiveCfg = Ad-Hoc|iPhone
		{E79BB7D7-C2D7-4316-9743-6A7A187B8953}.Ad-Hoc|Any CPU.Build.0 = Ad-Hoc|iPhone
		{E79BB7D7-C2D7-4316-9743-6A7A187B8953}.Ad-Hoc|Any CPU.Deploy.0 = Ad-Hoc|iPhone
		{E79BB7D7-C2D7-4316-9743-6A7A187B8953}.Ad-Hoc|iPhone.ActiveCfg = Ad-Hoc|iPhone
		{E79BB7D7-C2D7-4316-9743-6A7A187B8953}.Ad-Hoc|iPhone.Build.0 = Ad-Hoc|iPhone
		{E79BB7D7-C2D7-4316-9743-6A7A187B8953}.Ad-Hoc|iPhone.Deploy.0 = Ad-Hoc|iPhone
		{E79BB7D7-C2D7-4316-9743-6A7A187B8953}.Ad-Hoc|iPhoneSimulator.ActiveCfg = Ad-Hoc|iPhoneSimulator
		{E79BB7D7-C2D7-4316-9743-6A7A187B8953}.Ad-Hoc|iPhoneSimulator.Build.0 = Ad-Hoc|iPhoneSimulator
		{E79BB7D7-C2D7-4316-9743-6A7A187B8953}.Ad-Hoc|iPhoneSimulator.Deploy.0 = Ad-Hoc|iPhoneSimulator
		{E79BB7D7-C2D7-4316-9743-6A7A187B8953}.AppStore|Any CPU.ActiveCfg = AppStore|iPhone
		{E79BB7D7-C2D7-4316-9743-6A7A187B8953}.AppStore|Any CPU.Build.0 = AppStore|iPhone
		{E79BB7D7-C2D7-4316-9743-6A7A187B8953}.AppStore|Any CPU.Deploy.0 = AppStore|iPhone
		{E79BB7D7-C2D7-4316-9743-6A7A187B8953}.AppStore|iPhone.ActiveCfg = AppStore|iPhone
		{E79BB7D7-C2D7-4316-9743-6A7A187B8953}.AppStore|iPhone.Build.0 = AppStore|iPhone
		{E79BB7D7-C2D7-4316-9743-6A7A187B8953}.AppStore|iPhone.Deploy.0 = AppStore|iPhone
		{E79BB7D7-C2D7-4316-9743-6A7A187B8953}.AppStore|iPhoneSimulator.ActiveCfg = AppStore|iPhoneSimulator
		{E79BB7D7-C2D7-4316-9743-6A7A187B8953}.AppStore|iPhoneSimulator.Build.0 = AppStore|iPhoneSimulator
		{E79BB7D7-C2D7-4316-9743-6A7A187B8953}.AppStore|iPhoneSimulator.Deploy.0 = AppStore|iPhoneSimulator
		{E79BB7D7-C2D7-4316-9743-6A7A187B8953}.Debug|Any CPU.ActiveCfg = Debug|iPhoneSimulator
		{E79BB7D7-C2D7-4316-9743-6A7A187B8953}.Debug|Any CPU.Build.0 = Debug|iPhoneSimulator
		{E79BB7D7-C2D7-4316-9743-6A7A187B8953}.Debug|Any CPU.Deploy.0 = Debug|iPhoneSimulator
		{E79BB7D7-C2D7-4316-9743-6A7A187B8953}.Debug|iPhone.ActiveCfg = Debug|iPhone
		{E79BB7D7-C2D7-4316-9743-6A7A187B8953}.Debug|iPhone.Build.0 = Debug|iPhone
		{E79BB7D7-C2D7-4316-9743-6A7A187B8953}.Debug|iPhone.Deploy.0 = Debug|iPhone
		{E79BB7D7-C2D7-4316-9743-6A7A187B8953}.Debug|iPhoneSimulator.ActiveCfg = Debug|iPhoneSimulator
		{E79BB7D7-C2D7-4316-9743-6A7A187B8953}.Debug|iPhoneSimulator.Build.0 = Debug|iPhoneSimulator
		{E79BB7D7-C2D7-4316-9743-6A7A187B8953}.Debug|iPhoneSimulator.Deploy.0 = Debug|iPhoneSimulator
		{E79BB7D7-C2D7-4316-9743-6A7A187B8953}.Release|Any CPU.ActiveCfg = Release|iPhone
		{E79BB7D7-C2D7-4316-9743-6A7A187B8953}.Release|Any CPU.Build.0 = Release|iPhone
		{E79BB7D7-C2D7-4316-9743-6A7A187B8953}.Release|Any CPU.Deploy.0 = Release|iPhone
		{E79BB7D7-C2D7-4316-9743-6A7A187B8953}.Release|iPhone.ActiveCfg = Release|iPhone
		{E79BB7D7-C2D7-4316-9743-6A7A187B8953}.Release|iPhone.Build.0 = Release|iPhone
		{E79BB7D7-C2D7-4316-9743-6A7A187B8953}.Release|iPhone.Deploy.0 = Release|iPhone
		{E79BB7D7-C2D7-4316-9743-6A7A187B8953}.Release|iPhoneSimulator.ActiveCfg = Release|iPhoneSimulator
		{E79BB7D7-C2D7-4316-9743-6A7A187B8953}.Release|iPhoneSimulator.Build.0 = Release|iPhoneSimulator
		{E79BB7D7-C2D7-4316-9743-6A7A187B8953}.Release|iPhoneSimulator.Deploy.0 = Release|iPhoneSimulator
		{92EEF41E-E717-47D7-A8F1-9A5D27F8CA04}.Ad-Hoc|Any CPU.ActiveCfg = Debug|Any CPU
		{92EEF41E-E717-47D7-A8F1-9A5D27F8CA04}.Ad-Hoc|Any CPU.Build.0 = Debug|Any CPU
		{92EEF41E-E717-47D7-A8F1-9A5D27F8CA04}.Ad-Hoc|Any CPU.Deploy.0 = Debug|Any CPU
		{92EEF41E-E717-47D7-A8F1-9A5D27F8CA04}.Ad-Hoc|iPhone.ActiveCfg = Debug|Any CPU
		{92EEF41E-E717-47D7-A8F1-9A5D27F8CA04}.Ad-Hoc|iPhone.Build.0 = Debug|Any CPU
		{92EEF41E-E717-47D7-A8F1-9A5D27F8CA04}.Ad-Hoc|iPhone.Deploy.0 = Debug|Any CPU
		{92EEF41E-E717-47D7-A8F1-9A5D27F8CA04}.Ad-Hoc|iPhoneSimulator.ActiveCfg = Debug|Any CPU
		{92EEF41E-E717-47D7-A8F1-9A5D27F8CA04}.Ad-Hoc|iPhoneSimulator.Build.0 = Debug|Any CPU
		{92EEF41E-E717-47D7-A8F1-9A5D27F8CA04}.Ad-Hoc|iPhoneSimulator.Deploy.0 = Debug|Any CPU
		{92EEF41E-E717-47D7-A8F1-9A5D27F8CA04}.AppStore|Any CPU.ActiveCfg = Debug|Any CPU
		{92EEF41E-E717-47D7-A8F1-9A5D27F8CA04}.AppStore|Any CPU.Build.0 = Debug|Any CPU
		{92EEF41E-E717-47D7-A8F1-9A5D27F8CA04}.AppStore|Any CPU.Deploy.0 = Debug|Any CPU
		{92EEF41E-E717-47D7-A8F1-9A5D27F8CA04}.AppStore|iPhone.ActiveCfg = Debug|Any CPU
		{92EEF41E-E717-47D7-A8F1-9A5D27F8CA04}.AppStore|iPhone.Build.0 = Debug|Any CPU
		{92EEF41E-E717-47D7-A8F1-9A5D27F8CA04}.AppStore|iPhone.Deploy.0 = Debug|Any CPU
		{92EEF41E-E717-47D7-A8F1-9A5D27F8CA04}.AppStore|iPhoneSimulator.ActiveCfg = Debug|Any CPU
		{92EEF41E-E717-47D7-A8F1-9A5D27F8CA04}.AppStore|iPhoneSimulator.Build.0 = Debug|Any CPU
		{92EEF41E-E717-47D7-A8F1-9A5D27F8CA04}.AppStore|iPhoneSimulator.Deploy.0 = Debug|Any CPU
		{92EEF41E-E717-47D7-A8F1-9A5D27F8CA04}.Debug|Any CPU.ActiveCfg = Debug|Any CPU
		{92EEF41E-E717-47D7-A8F1-9A5D27F8CA04}.Debug|Any CPU.Build.0 = Debug|Any CPU
		{92EEF41E-E717-47D7-A8F1-9A5D27F8CA04}.Debug|Any CPU.Deploy.0 = Debug|Any CPU
		{92EEF41E-E717-47D7-A8F1-9A5D27F8CA04}.Debug|iPhone.ActiveCfg = Debug|Any CPU
		{92EEF41E-E717-47D7-A8F1-9A5D27F8CA04}.Debug|iPhone.Build.0 = Debug|Any CPU
		{92EEF41E-E717-47D7-A8F1-9A5D27F8CA04}.Debug|iPhone.Deploy.0 = Debug|Any CPU
		{92EEF41E-E717-47D7-A8F1-9A5D27F8CA04}.Debug|iPhoneSimulator.ActiveCfg = Debug|Any CPU
		{92EEF41E-E717-47D7-A8F1-9A5D27F8CA04}.Debug|iPhoneSimulator.Build.0 = Debug|Any CPU
		{92EEF41E-E717-47D7-A8F1-9A5D27F8CA04}.Debug|iPhoneSimulator.Deploy.0 = Debug|Any CPU
		{92EEF41E-E717-47D7-A8F1-9A5D27F8CA04}.Release|Any CPU.ActiveCfg = Release|Any CPU
		{92EEF41E-E717-47D7-A8F1-9A5D27F8CA04}.Release|Any CPU.Build.0 = Release|Any CPU
		{92EEF41E-E717-47D7-A8F1-9A5D27F8CA04}.Release|Any CPU.Deploy.0 = Release|Any CPU
		{92EEF41E-E717-47D7-A8F1-9A5D27F8CA04}.Release|iPhone.ActiveCfg = Release|Any CPU
		{92EEF41E-E717-47D7-A8F1-9A5D27F8CA04}.Release|iPhone.Build.0 = Release|Any CPU
		{92EEF41E-E717-47D7-A8F1-9A5D27F8CA04}.Release|iPhone.Deploy.0 = Release|Any CPU
		{92EEF41E-E717-47D7-A8F1-9A5D27F8CA04}.Release|iPhoneSimulator.ActiveCfg = Release|Any CPU
		{92EEF41E-E717-47D7-A8F1-9A5D27F8CA04}.Release|iPhoneSimulator.Build.0 = Release|Any CPU
		{92EEF41E-E717-47D7-A8F1-9A5D27F8CA04}.Release|iPhoneSimulator.Deploy.0 = Release|Any CPU
	EndGlobalSection
	GlobalSection(SolutionProperties) = preSolution
		HideSolutionNode = FALSE
	EndGlobalSection
	GlobalSection(ExtensibilityGlobals) = postSolution
		SolutionGuid = {A15A6818-0D66-4C23-8CEF-1F78DB34DC64}
	EndGlobalSection
EndGlobal
