
Microsoft Visual Studio Solution File, Format Version 12.00
# Visual Studio 15
VisualStudioVersion = 15.0.28010.2046
MinimumVisualStudioVersion = 10.0.40219.1
Project("{FAE04EC0-301F-11D3-BF4B-00C04F79EFBC}") = "PersonManager", "PersonManager\PersonManager.csproj", "{028B9052-0D88-455F-A4ED-302DD62D8498}"
EndProject
Project("{FAE04EC0-301F-11D3-BF4B-00C04F79EFBC}") = "RestApi", "RestApi\RestApi.csproj", "{22751114-95DB-4263-A9D7-DDDC3FA481B1}"
EndProject
Global
	GlobalSection(SolutionConfigurationPlatforms) = preSolution
		Debug|Any CPU = Debug|Any CPU
		Release|Any CPU = Release|Any CPU
	EndGlobalSection
	GlobalSection(ProjectConfigurationPlatforms) = postSolution
		{028B9052-0D88-455F-A4ED-302DD62D8498}.Debug|Any CPU.ActiveCfg = Debug|Any CPU
		{028B9052-0D88-455F-A4ED-302DD62D8498}.Debug|Any CPU.Build.0 = Debug|Any CPU
		{028B9052-0D88-455F-A4ED-302DD62D8498}.Release|Any CPU.ActiveCfg = Release|Any CPU
		{028B9052-0D88-455F-A4ED-302DD62D8498}.Release|Any CPU.Build.0 = Release|Any CPU
		{22751114-95DB-4263-A9D7-DDDC3FA481B1}.Debug|Any CPU.ActiveCfg = Debug|Any CPU
		{22751114-95DB-4263-A9D7-DDDC3FA481B1}.Debug|Any CPU.Build.0 = Debug|Any CPU
		{22751114-95DB-4263-A9D7-DDDC3FA481B1}.Release|Any CPU.ActiveCfg = Release|Any CPU
		{22751114-95DB-4263-A9D7-DDDC3FA481B1}.Release|Any CPU.Build.0 = Release|Any CPU
	EndGlobalSection
	GlobalSection(SolutionProperties) = preSolution
		HideSolutionNode = FALSE
	EndGlobalSection
	GlobalSection(ExtensibilityGlobals) = postSolution
		SolutionGuid = {E8DFC65A-2D49-46ED-9D55-356498C9C5E3}
	EndGlobalSection
EndGlobal
